schema: '2.0'
stages:
  data_split:
    cmd: python src/data_split.py
    deps:
    - path: src/data_split.py
      hash: md5
      md5: 1f0647d7bbc5535821086ac6fabe6a1a
      size: 1291
    params:
      params.yaml:
        base.random_state: 42
        data_source.local_path: https://raw.githubusercontent.com/TripathiAshutosh/dataset/main/red_wine.csv
        split.split_ratio: 0.2
    outs:
    - path: data/split
      hash: md5
      md5: dab8c850a65f9546b09ac6d5e380ad44.dir
      size: 92145
      nfiles: 2
  data_processing:
    cmd: python src/data_processing.py
    deps:
    - path: data/split
      hash: md5
      md5: dab8c850a65f9546b09ac6d5e380ad44.dir
      size: 92145
      nfiles: 2
    - path: src/data_processing.py
      hash: md5
      md5: f9328a5ce9fd23dd845fcd06de47cfea
      size: 1416
    params:
      params.yaml:
        process.dir: data/processed
        process.test_file: final_test.csv
        process.train_file: final_train.csv
        split.dir: data/split
        split.test_file: test.csv
        split.train_file: train.csv
    outs:
    - path: data/processed
      hash: md5
      md5: f917d5b15ad686c423bb829df808c4da.dir
      size: 92145
      nfiles: 2
  train:
    cmd: python src/train.py data/features
    deps:
    - path: data/processed
      hash: md5
      md5: f917d5b15ad686c423bb829df808c4da.dir
      size: 92145
      nfiles: 2
    - path: src/train.py
      hash: md5
      md5: 4d59858d9b2d40c0f73cf1eb068f64d7
      size: 2400
    params:
      params.yaml:
        base.random_state: 42
        base.target_col: quality
        model_dir: model
        process.dir: data/processed
        process.test_file: final_test.csv
        process.train_file: final_train.csv
        train.n_est: 100
    outs:
    - path: model/model.pkl
      hash: md5
      md5: 8d34ae4d22b8dcc27b7070765a54d6db
      size: 1689007
  evaluate:
    cmd: python src/evaluate.py
    deps:
    - path: data/processed
      hash: md5
      md5: f917d5b15ad686c423bb829df808c4da.dir
      size: 92145
      nfiles: 2
    - path: model/model.pkl
      hash: md5
      md5: 8d34ae4d22b8dcc27b7070765a54d6db
      size: 1689007
    - path: src/evaluate.py
      hash: md5
      md5: 1498c2a3a7aa87d51e29b46094d9a303
      size: 3214
    outs:
    - path: eval/importance.png
      hash: md5
      md5: 7edbb6512e0787f566452a4d3bc7760f
      size: 18504
    - path: eval/live/metrics.json
      hash: md5
      md5: a7b5b105671f1af7e5b82d459b76b8c9
      size: 180
    - path: eval/live/plots
      hash: md5
      md5: 1d76f59ec4c41f310efcd5d1eec5e296.dir
      size: 111995
      nfiles: 4
    - path: eval/prc
      hash: md5
      md5: 790ab5b42061e1089ea268924938f179.dir
      size: 17173
      nfiles: 2
